// !$*UTF8*$!
{
	archiveVersion = 1;
	classes = {
	};
	objectVersion = 46;
	objects = {

/* Begin PBXBuildFile section */
		1EC281171A0F29E800BFA215 /* TaskCell.swift in Sources */ = {isa = PBXBuildFile; fileRef = 1EC281161A0F29E800BFA215 /* TaskCell.swift */; };
		1EC2811D1A10A5F300BFA215 /* TaskDetailViewController.swift in Sources */ = {isa = PBXBuildFile; fileRef = 1EC2811C1A10A5F300BFA215 /* TaskDetailViewController.swift */; };
		1EC2811F1A10AE1C00BFA215 /* Date.swift in Sources */ = {isa = PBXBuildFile; fileRef = 1EC2811E1A10AE1C00BFA215 /* Date.swift */; };
		1EC281231A10B9DB00BFA215 /* AddTaskViewController.swift in Sources */ = {isa = PBXBuildFile; fileRef = 1EC281221A10B9DB00BFA215 /* AddTaskViewController.swift */; };
		1EC395391A0DB0BA0035C34F /* AppDelegate.swift in Sources */ = {isa = PBXBuildFile; fileRef = 1EC395381A0DB0BA0035C34F /* AppDelegate.swift */; };
		1EC3953B1A0DB0BA0035C34F /* ViewController.swift in Sources */ = {isa = PBXBuildFile; fileRef = 1EC3953A1A0DB0BA0035C34F /* ViewController.swift */; };
		1EC3953E1A0DB0BA0035C34F /* Main.storyboard in Resources */ = {isa = PBXBuildFile; fileRef = 1EC3953C1A0DB0BA0035C34F /* Main.storyboard */; };
		1EC395401A0DB0BA0035C34F /* Images.xcassets in Resources */ = {isa = PBXBuildFile; fileRef = 1EC3953F1A0DB0BA0035C34F /* Images.xcassets */; };
		1EC395431A0DB0BA0035C34F /* LaunchScreen.xib in Resources */ = {isa = PBXBuildFile; fileRef = 1EC395411A0DB0BA0035C34F /* LaunchScreen.xib */; };
		1EC3954F1A0DB0BA0035C34F /* TaskItTests.swift in Sources */ = {isa = PBXBuildFile; fileRef = 1EC3954E1A0DB0BA0035C34F /* TaskItTests.swift */; };
		1EC8DCFD1A16FD2D0019B24B /* CoreData.framework in Frameworks */ = {isa = PBXBuildFile; fileRef = 1EC8DCFC1A16FD2D0019B24B /* CoreData.framework */; };
		1EC8DD001A1704E90019B24B /* TaskItModel.xcdatamodeld in Sources */ = {isa = PBXBuildFile; fileRef = 1EC8DCFE1A1704E90019B24B /* TaskItModel.xcdatamodeld */; };
		1EC8DD021A17081F0019B24B /* TaskModel.swift in Sources */ = {isa = PBXBuildFile; fileRef = 1EC8DD011A17081F0019B24B /* TaskModel.swift */; };
/* End PBXBuildFile section */

/* Begin PBXContainerItemProxy section */
		1EAFC6711A1C9014008FA83B /* PBXContainerItemProxy */ = {
			isa = PBXContainerItemProxy;
			containerPortal = 1EAFC66C1A1C9014008FA83B /* Alamofire.xcodeproj */;
			proxyType = 2;
			remoteGlobalIDString = F8111E3319A95C8B0040E7D1;
			remoteInfo = Alamofire;
		};
		1EAFC6731A1C9014008FA83B /* PBXContainerItemProxy */ = {
			isa = PBXContainerItemProxy;
			containerPortal = 1EAFC66C1A1C9014008FA83B /* Alamofire.xcodeproj */;
			proxyType = 2;
			remoteGlobalIDString = F8111E3E19A95C8B0040E7D1;
			remoteInfo = AlamofireTests;
		};
		1EAFC6751A1C90BF008FA83B /* PBXContainerItemProxy */ = {
			isa = PBXContainerItemProxy;
			containerPortal = 1EAFC66C1A1C9014008FA83B /* Alamofire.xcodeproj */;
			proxyType = 1;
			remoteGlobalIDString = F8111E3219A95C8B0040E7D1;
			remoteInfo = Alamofire;
		};
		1EAFC68D1A1C9A3D008FA83B /* PBXContainerItemProxy */ = {
			isa = PBXContainerItemProxy;
			containerPortal = 1EAFC6861A1C9A3D008FA83B /* SwiftyJSON.xcodeproj */;
			proxyType = 2;
			remoteGlobalIDString = 2E4FEFDB19575BE100351305;
			remoteInfo = SwiftyJSON;
		};
		1EAFC68F1A1C9A3D008FA83B /* PBXContainerItemProxy */ = {
			isa = PBXContainerItemProxy;
			containerPortal = 1EAFC6861A1C9A3D008FA83B /* SwiftyJSON.xcodeproj */;
			proxyType = 2;
			remoteGlobalIDString = 2E4FEFE619575BE100351305;
			remoteInfo = SwiftyJSONTests;
		};
		1EAFC6911A1C9A3D008FA83B /* PBXContainerItemProxy */ = {
			isa = PBXContainerItemProxy;
			containerPortal = 1EAFC6861A1C9A3D008FA83B /* SwiftyJSON.xcodeproj */;
			proxyType = 2;
			remoteGlobalIDString = 4EC1C1C91A0C1A2D0026ED0B;
			remoteInfo = SwiftyJSONOSX;
		};
		1EAFC6931A1C9A3D008FA83B /* PBXContainerItemProxy */ = {
			isa = PBXContainerItemProxy;
			containerPortal = 1EAFC6861A1C9A3D008FA83B /* SwiftyJSON.xcodeproj */;
			proxyType = 2;
			remoteGlobalIDString = 4EC1C1D31A0C1A2D0026ED0B;
			remoteInfo = SwiftyJSONOSXTests;
		};
		1EAFC6951A1C9A5D008FA83B /* PBXContainerItemProxy */ = {
			isa = PBXContainerItemProxy;
			containerPortal = 1EAFC6861A1C9A3D008FA83B /* SwiftyJSON.xcodeproj */;
			proxyType = 1;
			remoteGlobalIDString = 2E4FEFDA19575BE100351305;
			remoteInfo = SwiftyJSON;
		};
		1EAFC69C1A1CA08E008FA83B /* PBXContainerItemProxy */ = {
			isa = PBXContainerItemProxy;
			containerPortal = 1EAFC6971A1CA08E008FA83B /* SuperRecord.xcodeproj */;
			proxyType = 2;
			remoteGlobalIDString = 63DDD64819FA531800DAA557;
			remoteInfo = SuperRecord;
		};
		1EAFC69E1A1CA08E008FA83B /* PBXContainerItemProxy */ = {
			isa = PBXContainerItemProxy;
			containerPortal = 1EAFC6971A1CA08E008FA83B /* SuperRecord.xcodeproj */;
			proxyType = 2;
			remoteGlobalIDString = 63DDD65319FA531800DAA557;
			remoteInfo = SuperRecordTests;
		};
		1EAFC6A01A1CA09D008FA83B /* PBXContainerItemProxy */ = {
			isa = PBXContainerItemProxy;
			containerPortal = 1EAFC6971A1CA08E008FA83B /* SuperRecord.xcodeproj */;
			proxyType = 1;
			remoteGlobalIDString = 63DDD64719FA531800DAA557;
			remoteInfo = SuperRecord;
		};
		1EAFC6A61A1CA303008FA83B /* PBXContainerItemProxy */ = {
			isa = PBXContainerItemProxy;
			containerPortal = 1EAFC6A21A1CA303008FA83B /* SweetAlert.xcodeproj */;
			proxyType = 2;
			remoteGlobalIDString = 9B4CD1081A06E55200B65DE0;
			remoteInfo = SweetAlert;
		};
		1EC395491A0DB0BA0035C34F /* PBXContainerItemProxy */ = {
			isa = PBXContainerItemProxy;
			containerPortal = 1EC3952B1A0DB0BA0035C34F /* Project object */;
			proxyType = 1;
			remoteGlobalIDString = 1EC395321A0DB0BA0035C34F;
			remoteInfo = TaskIt;
		};
/* End PBXContainerItemProxy section */

/* Begin PBXFileReference section */
		1EAFC66C1A1C9014008FA83B /* Alamofire.xcodeproj */ = {isa = PBXFileReference; lastKnownFileType = "wrapper.pb-project"; name = Alamofire.xcodeproj; path = Alamofire/Alamofire.xcodeproj; sourceTree = "<group>"; };
		1EAFC6861A1C9A3D008FA83B /* SwiftyJSON.xcodeproj */ = {isa = PBXFileReference; lastKnownFileType = "wrapper.pb-project"; name = SwiftyJSON.xcodeproj; path = SwiftyJSON/SwiftyJSON.xcodeproj; sourceTree = "<group>"; };
		1EAFC6971A1CA08E008FA83B /* SuperRecord.xcodeproj */ = {isa = PBXFileReference; lastKnownFileType = "wrapper.pb-project"; name = SuperRecord.xcodeproj; path = SuperRecord/SuperRecord.xcodeproj; sourceTree = "<group>"; };
		1EAFC6A21A1CA303008FA83B /* SweetAlert.xcodeproj */ = {isa = PBXFileReference; lastKnownFileType = "wrapper.pb-project"; name = SweetAlert.xcodeproj; path = "SweetAlert-iOS/SweetAlert.xcodeproj"; sourceTree = "<group>"; };
		1EC281161A0F29E800BFA215 /* TaskCell.swift */ = {isa = PBXFileReference; fileEncoding = 4; lastKnownFileType = sourcecode.swift; path = TaskCell.swift; sourceTree = "<group>"; };
		1EC2811C1A10A5F300BFA215 /* TaskDetailViewController.swift */ = {isa = PBXFileReference; fileEncoding = 4; lastKnownFileType = sourcecode.swift; path = TaskDetailViewController.swift; sourceTree = "<group>"; };
		1EC2811E1A10AE1C00BFA215 /* Date.swift */ = {isa = PBXFileReference; fileEncoding = 4; lastKnownFileType = sourcecode.swift; path = Date.swift; sourceTree = "<group>"; };
		1EC281221A10B9DB00BFA215 /* AddTaskViewController.swift */ = {isa = PBXFileReference; fileEncoding = 4; lastKnownFileType = sourcecode.swift; name = AddTaskViewController.swift; path = ../AddTaskViewController.swift; sourceTree = "<group>"; };
		1EC395331A0DB0BA0035C34F /* TaskIt.app */ = {isa = PBXFileReference; explicitFileType = wrapper.application; includeInIndex = 0; path = TaskIt.app; sourceTree = BUILT_PRODUCTS_DIR; };
		1EC395371A0DB0BA0035C34F /* Info.plist */ = {isa = PBXFileReference; lastKnownFileType = text.plist.xml; path = Info.plist; sourceTree = "<group>"; };
		1EC395381A0DB0BA0035C34F /* AppDelegate.swift */ = {isa = PBXFileReference; lastKnownFileType = sourcecode.swift; path = AppDelegate.swift; sourceTree = "<group>"; };
		1EC3953A1A0DB0BA0035C34F /* ViewController.swift */ = {isa = PBXFileReference; lastKnownFileType = sourcecode.swift; path = ViewController.swift; sourceTree = "<group>"; };
		1EC3953D1A0DB0BA0035C34F /* Base */ = {isa = PBXFileReference; lastKnownFileType = file.storyboard; name = Base; path = Base.lproj/Main.storyboard; sourceTree = "<group>"; };
		1EC3953F1A0DB0BA0035C34F /* Images.xcassets */ = {isa = PBXFileReference; lastKnownFileType = folder.assetcatalog; path = Images.xcassets; sourceTree = "<group>"; };
		1EC395421A0DB0BA0035C34F /* Base */ = {isa = PBXFileReference; lastKnownFileType = file.xib; name = Base; path = Base.lproj/LaunchScreen.xib; sourceTree = "<group>"; };
		1EC395481A0DB0BA0035C34F /* TaskItTests.xctest */ = {isa = PBXFileReference; explicitFileType = wrapper.cfbundle; includeInIndex = 0; path = TaskItTests.xctest; sourceTree = BUILT_PRODUCTS_DIR; };
		1EC3954D1A0DB0BA0035C34F /* Info.plist */ = {isa = PBXFileReference; lastKnownFileType = text.plist.xml; path = Info.plist; sourceTree = "<group>"; };
		1EC3954E1A0DB0BA0035C34F /* TaskItTests.swift */ = {isa = PBXFileReference; lastKnownFileType = sourcecode.swift; path = TaskItTests.swift; sourceTree = "<group>"; };
		1EC8DCFC1A16FD2D0019B24B /* CoreData.framework */ = {isa = PBXFileReference; lastKnownFileType = wrapper.framework; name = CoreData.framework; path = System/Library/Frameworks/CoreData.framework; sourceTree = SDKROOT; };
		1EC8DCFF1A1704E90019B24B /* TaskItModel.xcdatamodel */ = {isa = PBXFileReference; lastKnownFileType = wrapper.xcdatamodel; path = TaskItModel.xcdatamodel; sourceTree = "<group>"; };
		1EC8DD011A17081F0019B24B /* TaskModel.swift */ = {isa = PBXFileReference; fileEncoding = 4; lastKnownFileType = sourcecode.swift; path = TaskModel.swift; sourceTree = "<group>"; };
/* End PBXFileReference section */

/* Begin PBXFrameworksBuildPhase section */
		1EC395301A0DB0BA0035C34F /* Frameworks */ = {
			isa = PBXFrameworksBuildPhase;
			buildActionMask = 2147483647;
			files = (
				1EC8DCFD1A16FD2D0019B24B /* CoreData.framework in Frameworks */,
			);
			runOnlyForDeploymentPostprocessing = 0;
		};
		1EC395451A0DB0BA0035C34F /* Frameworks */ = {
			isa = PBXFrameworksBuildPhase;
			buildActionMask = 2147483647;
			files = (
			);
			runOnlyForDeploymentPostprocessing = 0;
		};
/* End PBXFrameworksBuildPhase section */

/* Begin PBXGroup section */
		1EAFC66D1A1C9014008FA83B /* Products */ = {
			isa = PBXGroup;
			children = (
				1EAFC6721A1C9014008FA83B /* Alamofire.framework */,
				1EAFC6741A1C9014008FA83B /* AlamofireTests.xctest */,
			);
			name = Products;
			sourceTree = "<group>";
		};
		1EAFC6871A1C9A3D008FA83B /* Products */ = {
			isa = PBXGroup;
			children = (
				1EAFC68E1A1C9A3D008FA83B /* SwiftyJSON.framework */,
				1EAFC6901A1C9A3D008FA83B /* SwiftyJSONTests.xctest */,
				1EAFC6921A1C9A3D008FA83B /* SwiftyJSON.framework */,
				1EAFC6941A1C9A3D008FA83B /* SwiftyJSONOSXTests.xctest */,
			);
			name = Products;
			sourceTree = "<group>";
		};
		1EAFC6981A1CA08E008FA83B /* Products */ = {
			isa = PBXGroup;
			children = (
				1EAFC69D1A1CA08E008FA83B /* SuperRecord.framework */,
				1EAFC69F1A1CA08E008FA83B /* SuperRecordTests.xctest */,
			);
			name = Products;
			sourceTree = "<group>";
		};
		1EAFC6A31A1CA303008FA83B /* Products */ = {
			isa = PBXGroup;
			children = (
				1EAFC6A71A1CA303008FA83B /* SweetAlert.app */,
			);
			name = Products;
			sourceTree = "<group>";
		};
		1EC3952A1A0DB0BA0035C34F = {
			isa = PBXGroup;
			children = (
				1EC395351A0DB0BA0035C34F /* TaskIt */,
				1EC3954B1A0DB0BA0035C34F /* TaskItTests */,
				1EC395341A0DB0BA0035C34F /* Products */,
				1EAFC6A21A1CA303008FA83B /* SweetAlert.xcodeproj */,
				1EAFC6971A1CA08E008FA83B /* SuperRecord.xcodeproj */,
				1EAFC6861A1C9A3D008FA83B /* SwiftyJSON.xcodeproj */,
				1EAFC66C1A1C9014008FA83B /* Alamofire.xcodeproj */,
			);
			sourceTree = "<group>";
		};
		1EC395341A0DB0BA0035C34F /* Products */ = {
			isa = PBXGroup;
			children = (
				1EC395331A0DB0BA0035C34F /* TaskIt.app */,
				1EC395481A0DB0BA0035C34F /* TaskItTests.xctest */,
			);
			name = Products;
			sourceTree = "<group>";
		};
		1EC395351A0DB0BA0035C34F /* TaskIt */ = {
			isa = PBXGroup;
			children = (
				1EC395381A0DB0BA0035C34F /* AppDelegate.swift */,
				1EC3953A1A0DB0BA0035C34F /* ViewController.swift */,
				1EC2811C1A10A5F300BFA215 /* TaskDetailViewController.swift */,
				1EC281221A10B9DB00BFA215 /* AddTaskViewController.swift */,
				1EC281161A0F29E800BFA215 /* TaskCell.swift */,
				1EC2811E1A10AE1C00BFA215 /* Date.swift */,
				1EC8DCFE1A1704E90019B24B /* TaskItModel.xcdatamodeld */,
				1EC8DD011A17081F0019B24B /* TaskModel.swift */,
				1EC3953C1A0DB0BA0035C34F /* Main.storyboard */,
				1EC3953F1A0DB0BA0035C34F /* Images.xcassets */,
				1EC395411A0DB0BA0035C34F /* LaunchScreen.xib */,
				1EC395361A0DB0BA0035C34F /* Supporting Files */,
			);
			path = TaskIt;
			sourceTree = "<group>";
		};
		1EC395361A0DB0BA0035C34F /* Supporting Files */ = {
			isa = PBXGroup;
			children = (
				1EC8DCFC1A16FD2D0019B24B /* CoreData.framework */,
				1EC395371A0DB0BA0035C34F /* Info.plist */,
			);
			name = "Supporting Files";
			sourceTree = "<group>";
		};
		1EC3954B1A0DB0BA0035C34F /* TaskItTests */ = {
			isa = PBXGroup;
			children = (
				1EC3954E1A0DB0BA0035C34F /* TaskItTests.swift */,
				1EC3954C1A0DB0BA0035C34F /* Supporting Files */,
			);
			path = TaskItTests;
			sourceTree = "<group>";
		};
		1EC3954C1A0DB0BA0035C34F /* Supporting Files */ = {
			isa = PBXGroup;
			children = (
				1EC3954D1A0DB0BA0035C34F /* Info.plist */,
			);
			name = "Supporting Files";
			sourceTree = "<group>";
		};
/* End PBXGroup section */

/* Begin PBXNativeTarget section */
		1EC395321A0DB0BA0035C34F /* TaskIt */ = {
			isa = PBXNativeTarget;
			buildConfigurationList = 1EC395521A0DB0BA0035C34F /* Build configuration list for PBXNativeTarget "TaskIt" */;
			buildPhases = (
				1EC3952F1A0DB0BA0035C34F /* Sources */,
				1EC395301A0DB0BA0035C34F /* Frameworks */,
				1EC395311A0DB0BA0035C34F /* Resources */,
			);
			buildRules = (
			);
			dependencies = (
				1EAFC6A11A1CA09D008FA83B /* PBXTargetDependency */,
				1EAFC6961A1C9A5D008FA83B /* PBXTargetDependency */,
				1EAFC6761A1C90BF008FA83B /* PBXTargetDependency */,
			);
			name = TaskIt;
			productName = TaskIt;
			productReference = 1EC395331A0DB0BA0035C34F /* TaskIt.app */;
			productType = "com.apple.product-type.application";
		};
		1EC395471A0DB0BA0035C34F /* TaskItTests */ = {
			isa = PBXNativeTarget;
			buildConfigurationList = 1EC395551A0DB0BA0035C34F /* Build configuration list for PBXNativeTarget "TaskItTests" */;
			buildPhases = (
				1EC395441A0DB0BA0035C34F /* Sources */,
				1EC395451A0DB0BA0035C34F /* Frameworks */,
				1EC395461A0DB0BA0035C34F /* Resources */,
			);
			buildRules = (
			);
			dependencies = (
				1EC3954A1A0DB0BA0035C34F /* PBXTargetDependency */,
			);
			name = TaskItTests;
			productName = TaskItTests;
			productReference = 1EC395481A0DB0BA0035C34F /* TaskItTests.xctest */;
			productType = "com.apple.product-type.bundle.unit-test";
		};
/* End PBXNativeTarget section */

/* Begin PBXProject section */
		1EC3952B1A0DB0BA0035C34F /* Project object */ = {
			isa = PBXProject;
			attributes = {
				LastUpgradeCheck = 0610;
				ORGANIZATIONNAME = Hugh;
				TargetAttributes = {
					1EC395321A0DB0BA0035C34F = {
						CreatedOnToolsVersion = 6.1;
					};
					1EC395471A0DB0BA0035C34F = {
						CreatedOnToolsVersion = 6.1;
						TestTargetID = 1EC395321A0DB0BA0035C34F;
					};
				};
			};
			buildConfigurationList = 1EC3952E1A0DB0BA0035C34F /* Build configuration list for PBXProject "TaskIt" */;
			compatibilityVersion = "Xcode 3.2";
			developmentRegion = English;
			hasScannedForEncodings = 0;
			knownRegions = (
				en,
				Base,
			);
			mainGroup = 1EC3952A1A0DB0BA0035C34F;
			productRefGroup = 1EC395341A0DB0BA0035C34F /* Products */;
			projectDirPath = "";
			projectReferences = (
				{
					ProductGroup = 1EAFC66D1A1C9014008FA83B /* Products */;
					ProjectRef = 1EAFC66C1A1C9014008FA83B /* Alamofire.xcodeproj */;
				},
				{
					ProductGroup = 1EAFC6981A1CA08E008FA83B /* Products */;
					ProjectRef = 1EAFC6971A1CA08E008FA83B /* SuperRecord.xcodeproj */;
				},
				{
					ProductGroup = 1EAFC6A31A1CA303008FA83B /* Products */;
					ProjectRef = 1EAFC6A21A1CA303008FA83B /* SweetAlert.xcodeproj */;
				},
				{
					ProductGroup = 1EAFC6871A1C9A3D008FA83B /* Products */;
					ProjectRef = 1EAFC6861A1C9A3D008FA83B /* SwiftyJSON.xcodeproj */;
				},
			);
			projectRoot = "";
			targets = (
				1EC395321A0DB0BA0035C34F /* TaskIt */,
				1EC395471A0DB0BA0035C34F /* TaskItTests */,
			);
		};
/* End PBXProject section */

/* Begin PBXReferenceProxy section */
		1EAFC6721A1C9014008FA83B /* Alamofire.framework */ = {
			isa = PBXReferenceProxy;
			fileType = wrapper.framework;
			path = Alamofire.framework;
			remoteRef = 1EAFC6711A1C9014008FA83B /* PBXContainerItemProxy */;
			sourceTree = BUILT_PRODUCTS_DIR;
		};
		1EAFC6741A1C9014008FA83B /* AlamofireTests.xctest */ = {
			isa = PBXReferenceProxy;
			fileType = wrapper.cfbundle;
			path = AlamofireTests.xctest;
			remoteRef = 1EAFC6731A1C9014008FA83B /* PBXContainerItemProxy */;
			sourceTree = BUILT_PRODUCTS_DIR;
		};
		1EAFC68E1A1C9A3D008FA83B /* SwiftyJSON.framework */ = {
			isa = PBXReferenceProxy;
			fileType = wrapper.framework;
			path = SwiftyJSON.framework;
			remoteRef = 1EAFC68D1A1C9A3D008FA83B /* PBXContainerItemProxy */;
			sourceTree = BUILT_PRODUCTS_DIR;
		};
		1EAFC6901A1C9A3D008FA83B /* SwiftyJSONTests.xctest */ = {
			isa = PBXReferenceProxy;
			fileType = wrapper.cfbundle;
			path = SwiftyJSONTests.xctest;
			remoteRef = 1EAFC68F1A1C9A3D008FA83B /* PBXContainerItemProxy */;
			sourceTree = BUILT_PRODUCTS_DIR;
		};
		1EAFC6921A1C9A3D008FA83B /* SwiftyJSON.framework */ = {
			isa = PBXReferenceProxy;
			fileType = wrapper.framework;
			path = SwiftyJSON.framework;
			remoteRef = 1EAFC6911A1C9A3D008FA83B /* PBXContainerItemProxy */;
			sourceTree = BUILT_PRODUCTS_DIR;
		};
		1EAFC6941A1C9A3D008FA83B /* SwiftyJSONOSXTests.xctest */ = {
			isa = PBXReferenceProxy;
			fileType = wrapper.cfbundle;
			path = SwiftyJSONOSXTests.xctest;
			remoteRef = 1EAFC6931A1C9A3D008FA83B /* PBXContainerItemProxy */;
			sourceTree = BUILT_PRODUCTS_DIR;
		};
		1EAFC69D1A1CA08E008FA83B /* SuperRecord.framework */ = {
			isa = PBXReferenceProxy;
			fileType = wrapper.framework;
			path = SuperRecord.framework;
			remoteRef = 1EAFC69C1A1CA08E008FA83B /* PBXContainerItemProxy */;
			sourceTree = BUILT_PRODUCTS_DIR;
		};
		1EAFC69F1A1CA08E008FA83B /* SuperRecordTests.xctest */ = {
			isa = PBXReferenceProxy;
			fileType = wrapper.cfbundle;
			path = SuperRecordTests.xctest;
			remoteRef = 1EAFC69E1A1CA08E008FA83B /* PBXContainerItemProxy */;
			sourceTree = BUILT_PRODUCTS_DIR;
		};
		1EAFC6A71A1CA303008FA83B /* SweetAlert.app */ = {
			isa = PBXReferenceProxy;
			fileType = wrapper.application;
			path = SweetAlert.app;
			remoteRef = 1EAFC6A61A1CA303008FA83B /* PBXContainerItemProxy */;
			sourceTree = BUILT_PRODUCTS_DIR;
		};
/* End PBXReferenceProxy section */

/* Begin PBXResourcesBuildPhase section */
		1EC395311A0DB0BA0035C34F /* Resources */ = {
			isa = PBXResourcesBuildPhase;
			buildActionMask = 2147483647;
			files = (
				1EC3953E1A0DB0BA0035C34F /* Main.storyboard in Resources */,
				1EC395431A0DB0BA0035C34F /* LaunchScreen.xib in Resources */,
				1EC395401A0DB0BA0035C34F /* Images.xcassets in Resources */,
			);
			runOnlyForDeploymentPostprocessing = 0;
		};
		1EC395461A0DB0BA0035C34F /* Resources */ = {
			isa = PBXResourcesBuildPhase;
			buildActionMask = 2147483647;
			files = (
			);
			runOnlyForDeploymentPostprocessing = 0;
		};
/* End PBXResourcesBuildPhase section */

/* Begin PBXSourcesBuildPhase section */
		1EC3952F1A0DB0BA0035C34F /* Sources */ = {
			isa = PBXSourcesBuildPhase;
			buildActionMask = 2147483647;
			files = (
				1EC3953B1A0DB0BA0035C34F /* ViewController.swift in Sources */,
				1EC8DD001A1704E90019B24B /* TaskItModel.xcdatamodeld in Sources */,
				1EC2811F1A10AE1C00BFA215 /* Date.swift in Sources */,
				1EC281171A0F29E800BFA215 /* TaskCell.swift in Sources */,
				1EC395391A0DB0BA0035C34F /* AppDelegate.swift in Sources */,
				1EC2811D1A10A5F300BFA215 /* TaskDetailViewController.swift in Sources */,
				1EC8DD021A17081F0019B24B /* TaskModel.swift in Sources */,
				1EC281231A10B9DB00BFA215 /* AddTaskViewController.swift in Sources */,
			);
			runOnlyForDeploymentPostprocessing = 0;
		};
		1EC395441A0DB0BA0035C34F /* Sources */ = {
			isa = PBXSourcesBuildPhase;
			buildActionMask = 2147483647;
			files = (
				1EC3954F1A0DB0BA0035C34F /* TaskItTests.swift in Sources */,
			);
			runOnlyForDeploymentPostprocessing = 0;
		};
/* End PBXSourcesBuildPhase section */

/* Begin PBXTargetDependency section */
		1EAFC6761A1C90BF008FA83B /* PBXTargetDependency */ = {
			isa = PBXTargetDependency;
			name = Alamofire;
			targetProxy = 1EAFC6751A1C90BF008FA83B /* PBXContainerItemProxy */;
		};
		1EAFC6961A1C9A5D008FA83B /* PBXTargetDependency */ = {
			isa = PBXTargetDependency;
			name = SwiftyJSON;
			targetProxy = 1EAFC6951A1C9A5D008FA83B /* PBXContainerItemProxy */;
		};
		1EAFC6A11A1CA09D008FA83B /* PBXTargetDependency */ = {
			isa = PBXTargetDependency;
			name = SuperRecord;
			targetProxy = 1EAFC6A01A1CA09D008FA83B /* PBXContainerItemProxy */;
		};
		1EC3954A1A0DB0BA0035C34F /* PBXTargetDependency */ = {
			isa = PBXTargetDependency;
			target = 1EC395321A0DB0BA0035C34F /* TaskIt */;
			targetProxy = 1EC395491A0DB0BA0035C34F /* PBXContainerItemProxy */;
		};
/* End PBXTargetDependency section */

/* Begin PBXVariantGroup section */
		1EC3953C1A0DB0BA0035C34F /* Main.storyboard */ = {
			isa = PBXVariantGroup;
			children = (
				1EC3953D1A0DB0BA0035C34F /* Base */,
			);
			name = Main.storyboard;
			sourceTree = "<group>";
		};
		1EC395411A0DB0BA0035C34F /* LaunchScreen.xib */ = {
			isa = PBXVariantGroup;
			children = (
				1EC395421A0DB0BA0035C34F /* Base */,
			);
			name = LaunchScreen.xib;
			sourceTree = "<group>";
		};
/* End PBXVariantGroup section */

/* Begin XCBuildConfiguration section */
		1EC395501A0DB0BA0035C34F /* Debug */ = {
			isa = XCBuildConfiguration;
			buildSettings = {
				ALWAYS_SEARCH_USER_PATHS = NO;
				CLANG_CXX_LANGUAGE_STANDARD = "gnu++0x";
				CLANG_CXX_LIBRARY = "libc++";
				CLANG_ENABLE_MODULES = YES;
				CLANG_ENABLE_OBJC_ARC = YES;
				CLANG_WARN_BOOL_CONVERSION = YES;
				CLANG_WARN_CONSTANT_CONVERSION = YES;
				CLANG_WARN_DIRECT_OBJC_ISA_USAGE = YES_ERROR;
				CLANG_WARN_EMPTY_BODY = YES;
				CLANG_WARN_ENUM_CONVERSION = YES;
				CLANG_WARN_INT_CONVERSION = YES;
				CLANG_WARN_OBJC_ROOT_CLASS = YES_ERROR;
				CLANG_WARN_UNREACHABLE_CODE = YES;
				CLANG_WARN__DUPLICATE_METHOD_MATCH = YES;
				"CODE_SIGN_IDENTITY[sdk=iphoneos*]" = "iPhone Developer";
				COPY_PHASE_STRIP = NO;
				ENABLE_STRICT_OBJC_MSGSEND = YES;
				GCC_C_LANGUAGE_STANDARD = gnu99;
				GCC_DYNAMIC_NO_PIC = NO;
				GCC_OPTIMIZATION_LEVEL = 0;
				GCC_PREPROCESSOR_DEFINITIONS = (
					"DEBUG=1",
					"$(inherited)",
				);
				GCC_SYMBOLS_PRIVATE_EXTERN = NO;
				GCC_WARN_64_TO_32_BIT_CONVERSION = YES;
				GCC_WARN_ABOUT_RETURN_TYPE = YES_ERROR;
				GCC_WARN_UNDECLARED_SELECTOR = YES;
				GCC_WARN_UNINITIALIZED_AUTOS = YES_AGGRESSIVE;
				GCC_WARN_UNUSED_FUNCTION = YES;
				GCC_WARN_UNUSED_VARIABLE = YES;
				IPHONEOS_DEPLOYMENT_TARGET = 8.1;
				MTL_ENABLE_DEBUG_INFO = YES;
				ONLY_ACTIVE_ARCH = YES;
				SDKROOT = iphoneos;
				SWIFT_OPTIMIZATION_LEVEL = "-Onone";
				TARGETED_DEVICE_FAMILY = "1,2";
			};
			name = Debug;
		};
		1EC395511A0DB0BA0035C34F /* Release */ = {
			isa = XCBuildConfiguration;
			buildSettings = {
				ALWAYS_SEARCH_USER_PATHS = NO;
				CLANG_CXX_LANGUAGE_STANDARD = "gnu++0x";
				CLANG_CXX_LIBRARY = "libc++";
				CLANG_ENABLE_MODULES = YES;
				CLANG_ENABLE_OBJC_ARC = YES;
				CLANG_WARN_BOOL_CONVERSION = YES;
				CLANG_WARN_CONSTANT_CONVERSION = YES;
				CLANG_WARN_DIRECT_OBJC_ISA_USAGE = YES_ERROR;
				CLANG_WARN_EMPTY_BODY = YES;
				CLANG_WARN_ENUM_CONVERSION = YES;
				CLANG_WARN_INT_CONVERSION = YES;
				CLANG_WARN_OBJC_ROOT_CLASS = YES_ERROR;
				CLANG_WARN_UNREACHABLE_CODE = YES;
				CLANG_WARN__DUPLICATE_METHOD_MATCH = YES;
				"CODE_SIGN_IDENTITY[sdk=iphoneos*]" = "iPhone Developer";
				COPY_PHASE_STRIP = YES;
				ENABLE_NS_ASSERTIONS = NO;
				ENABLE_STRICT_OBJC_MSGSEND = YES;
				GCC_C_LANGUAGE_STANDARD = gnu99;
				GCC_WARN_64_TO_32_BIT_CONVERSION = YES;
				GCC_WARN_ABOUT_RETURN_TYPE = YES_ERROR;
				GCC_WARN_UNDECLARED_SELECTOR = YES;
				GCC_WARN_UNINITIALIZED_AUTOS = YES_AGGRESSIVE;
				GCC_WARN_UNUSED_FUNCTION = YES;
				GCC_WARN_UNUSED_VARIABLE = YES;
				IPHONEOS_DEPLOYMENT_TARGET = 8.1;
				MTL_ENABLE_DEBUG_INFO = NO;
				SDKROOT = iphoneos;
				TARGETED_DEVICE_FAMILY = "1,2";
				VALIDATE_PRODUCT = YES;
			};
			name = Release;
		};
		1EC395531A0DB0BA0035C34F /* Debug */ = {
			isa = XCBuildConfiguration;
			buildSettings = {
				ASSETCATALOG_COMPILER_APPICON_NAME = AppIcon;
				INFOPLIST_FILE = TaskIt/Info.plist;
				LD_RUNPATH_SEARCH_PATHS = "$(inherited) @executable_path/Frameworks";
				PRODUCT_NAME = "$(TARGET_NAME)";
			};
			name = Debug;
		};
		1EC395541A0DB0BA0035C34F /* Release */ = {
			isa = XCBuildConfiguration;
			buildSettings = {
				ASSETCATALOG_COMPILER_APPICON_NAME = AppIcon;
				INFOPLIST_FILE = TaskIt/Info.plist;
				LD_RUNPATH_SEARCH_PATHS = "$(inherited) @executable_path/Frameworks";
				PRODUCT_NAME = "$(TARGET_NAME)";
			};
			name = Release;
		};
		1EC395561A0DB0BA0035C34F /* Debug */ = {
			isa = XCBuildConfiguration;
			buildSettings = {
				BUNDLE_LOADER = "$(TEST_HOST)";
				FRAMEWORK_SEARCH_PATHS = (
					"$(SDKROOT)/Developer/Library/Frameworks",
					"$(inherited)",
				);
				GCC_PREPROCESSOR_DEFINITIONS = (
					"DEBUG=1",
					"$(inherited)",
				);
				INFOPLIST_FILE = TaskItTests/Info.plist;
				LD_RUNPATH_SEARCH_PATHS = "$(inherited) @executable_path/Frameworks @loader_path/Frameworks";
				PRODUCT_NAME = "$(TARGET_NAME)";
				TEST_HOST = "$(BUILT_PRODUCTS_DIR)/TaskIt.app/TaskIt";
			};
			name = Debug;
		};
		1EC395571A0DB0BA0035C34F /* Release */ = {
			isa = XCBuildConfiguration;
			buildSettings = {
				BUNDLE_LOADER = "$(TEST_HOST)";
				FRAMEWORK_SEARCH_PATHS = (
					"$(SDKROOT)/Developer/Library/Frameworks",
					"$(inherited)",
				);
				INFOPLIST_FILE = TaskItTests/Info.plist;
				LD_RUNPATH_SEARCH_PATHS = "$(inherited) @executable_path/Frameworks @loader_path/Frameworks";
				PRODUCT_NAME = "$(TARGET_NAME)";
				TEST_HOST = "$(BUILT_PRODUCTS_DIR)/TaskIt.app/TaskIt";
			};
			name = Release;
		};
/* End XCBuildConfiguration section */

/* Begin XCConfigurationList section */
		1EC3952E1A0DB0BA0035C34F /* Build configuration list for PBXProject "TaskIt" */ = {
			isa = XCConfigurationList;
			buildConfigurations = (
				1EC395501A0DB0BA0035C34F /* Debug */,
				1EC395511A0DB0BA0035C34F /* Release */,
			);
			defaultConfigurationIsVisible = 0;
			defaultConfigurationName = Release;
		};
		1EC395521A0DB0BA0035C34F /* Build configuration list for PBXNativeTarget "TaskIt" */ = {
			isa = XCConfigurationList;
			buildConfigurations = (
				1EC395531A0DB0BA0035C34F /* Debug */,
				1EC395541A0DB0BA0035C34F /* Release */,
			);
			defaultConfigurationIsVisible = 0;
			defaultConfigurationName = Release;
		};
		1EC395551A0DB0BA0035C34F /* Build configuration list for PBXNativeTarget "TaskItTests" */ = {
			isa = XCConfigurationList;
			buildConfigurations = (
				1EC395561A0DB0BA0035C34F /* Debug */,
				1EC395571A0DB0BA0035C34F /* Release */,
			);
			defaultConfigurationIsVisible = 0;
			defaultConfigurationName = Release;
		};
/* End XCConfigurationList section */

/* Begin XCVersionGroup section */
		1EC8DCFE1A1704E90019B24B /* TaskItModel.xcdatamodeld */ = {
			isa = XCVersionGroup;
			children = (
				1EC8DCFF1A1704E90019B24B /* TaskItModel.xcdatamodel */,
			);
			currentVersion = 1EC8DCFF1A1704E90019B24B /* TaskItModel.xcdatamodel */;
			path = TaskItModel.xcdatamodeld;
			sourceTree = "<group>";
			versionGroupType = wrapper.xcdatamodel;
		};
/* End XCVersionGroup section */
	};
	rootObject = 1EC3952B1A0DB0BA0035C34F /* Project object */;
}
